
Microsoft Visual Studio Solution File, Format Version 12.00
# Visual Studio 15
VisualStudioVersion = 15.0.28307.168
MinimumVisualStudioVersion = 10.0.40219.1
Project("{FAE04EC0-301F-11D3-BF4B-00C04F79EFBC}") = "WordWrapKata", "WordWrapKata\WordWrapKata.csproj", "{209F58BB-D52B-4DB2-9B77-592D6CF64D4C}"
EndProject
Global
	GlobalSection(SolutionConfigurationPlatforms) = preSolution
		Debug|Any CPU = Debug|Any CPU
		Release|Any CPU = Release|Any CPU
	EndGlobalSection
	GlobalSection(ProjectConfigurationPlatforms) = postSolution
		{209F58BB-D52B-4DB2-9B77-592D6CF64D4C}.Debug|Any CPU.ActiveCfg = Debug|Any CPU
		{209F58BB-D52B-4DB2-9B77-592D6CF64D4C}.Debug|Any CPU.Build.0 = Debug|Any CPU
		{209F58BB-D52B-4DB2-9B77-592D6CF64D4C}.Release|Any CPU.ActiveCfg = Release|Any CPU
		{209F58BB-D52B-4DB2-9B77-592D6CF64D4C}.Release|Any CPU.Build.0 = Release|Any CPU
	EndGlobalSection
	GlobalSection(SolutionProperties) = preSolution
		HideSolutionNode = FALSE
	EndGlobalSection
	GlobalSection(ExtensibilityGlobals) = postSolution
		SolutionGuid = {6A47CD05-FD3F-4523-964A-7AB170DEB3E5}
	EndGlobalSection
EndGlobal
