
Microsoft Visual Studio Solution File, Format Version 12.00
# Visual Studio 15
VisualStudioVersion = 15.0.28307.168
MinimumVisualStudioVersion = 10.0.40219.1
Project("{FAE04EC0-301F-11D3-BF4B-00C04F79EFBC}") = "FindTheStrayNumber", "FindTheStrayNumber\FindTheStrayNumber.csproj", "{2579F9B0-5776-44AD-9334-7B5D124BE986}"
EndProject
Global
	GlobalSection(SolutionConfigurationPlatforms) = preSolution
		Debug|Any CPU = Debug|Any CPU
		Release|Any CPU = Release|Any CPU
	EndGlobalSection
	GlobalSection(ProjectConfigurationPlatforms) = postSolution
		{2579F9B0-5776-44AD-9334-7B5D124BE986}.Debug|Any CPU.ActiveCfg = Debug|Any CPU
		{2579F9B0-5776-44AD-9334-7B5D124BE986}.Debug|Any CPU.Build.0 = Debug|Any CPU
		{2579F9B0-5776-44AD-9334-7B5D124BE986}.Release|Any CPU.ActiveCfg = Release|Any CPU
		{2579F9B0-5776-44AD-9334-7B5D124BE986}.Release|Any CPU.Build.0 = Release|Any CPU
	EndGlobalSection
	GlobalSection(SolutionProperties) = preSolution
		HideSolutionNode = FALSE
	EndGlobalSection
	GlobalSection(ExtensibilityGlobals) = postSolution
		SolutionGuid = {51487C7E-93D3-43CD-81B1-C46A2B51A1D1}
	EndGlobalSection
EndGlobal
