
Microsoft Visual Studio Solution File, Format Version 12.00
# Visual Studio 15
VisualStudioVersion = 15.0.28307.168
MinimumVisualStudioVersion = 10.0.40219.1
Project("{FAE04EC0-301F-11D3-BF4B-00C04F79EFBC}") = "UnitTests", "Tdd-DueDatePractice\UnitTests.csproj", "{0EB44FA2-00FA-4BBE-A04E-3FDA1BBB2853}"
EndProject
Project("{FAE04EC0-301F-11D3-BF4B-00C04F79EFBC}") = "PaymentDateCheck", "ClassLibrary1\PaymentDateCheck.csproj", "{80E2E9E2-2488-4376-9D11-0A39A7A32866}"
EndProject
Global
	GlobalSection(SolutionConfigurationPlatforms) = preSolution
		Debug|Any CPU = Debug|Any CPU
		Release|Any CPU = Release|Any CPU
	EndGlobalSection
	GlobalSection(ProjectConfigurationPlatforms) = postSolution
		{0EB44FA2-00FA-4BBE-A04E-3FDA1BBB2853}.Debug|Any CPU.ActiveCfg = Debug|Any CPU
		{0EB44FA2-00FA-4BBE-A04E-3FDA1BBB2853}.Debug|Any CPU.Build.0 = Debug|Any CPU
		{0EB44FA2-00FA-4BBE-A04E-3FDA1BBB2853}.Release|Any CPU.ActiveCfg = Release|Any CPU
		{0EB44FA2-00FA-4BBE-A04E-3FDA1BBB2853}.Release|Any CPU.Build.0 = Release|Any CPU
		{80E2E9E2-2488-4376-9D11-0A39A7A32866}.Debug|Any CPU.ActiveCfg = Debug|Any CPU
		{80E2E9E2-2488-4376-9D11-0A39A7A32866}.Debug|Any CPU.Build.0 = Debug|Any CPU
		{80E2E9E2-2488-4376-9D11-0A39A7A32866}.Release|Any CPU.ActiveCfg = Release|Any CPU
		{80E2E9E2-2488-4376-9D11-0A39A7A32866}.Release|Any CPU.Build.0 = Release|Any CPU
	EndGlobalSection
	GlobalSection(SolutionProperties) = preSolution
		HideSolutionNode = FALSE
	EndGlobalSection
	GlobalSection(ExtensibilityGlobals) = postSolution
		SolutionGuid = {D8FC4AAE-6D79-4CBC-882A-F8A8475D3771}
	EndGlobalSection
EndGlobal
