
Microsoft Visual Studio Solution File, Format Version 12.00
# Visual Studio 15
VisualStudioVersion = 15.0.28307.168
MinimumVisualStudioVersion = 10.0.40219.1
Project("{FAE04EC0-301F-11D3-BF4B-00C04F79EFBC}") = "Conway'sGameOfLifeTDD.Library.Tests", "Conway'sGameOfLifeTDD\Conway'sGameOfLifeTDD.Library.Tests.csproj", "{EAC3F209-28A6-410A-9143-6A2500A5EF74}"
EndProject
Project("{FAE04EC0-301F-11D3-BF4B-00C04F79EFBC}") = "GameOfLife", "GameOfLife\GameOfLife.csproj", "{6A55E46F-2F0A-40F9-BA42-08AC8BEDE4FA}"
EndProject
Project("{FAE04EC0-301F-11D3-BF4B-00C04F79EFBC}") = "GameOfLife.Library", "GameOfLife.Library\GameOfLife.Library.csproj", "{53995AD9-09AA-4144-B6D8-4BBBBA1B1723}"
EndProject
Global
	GlobalSection(SolutionConfigurationPlatforms) = preSolution
		Debug|Any CPU = Debug|Any CPU
		Release|Any CPU = Release|Any CPU
	EndGlobalSection
	GlobalSection(ProjectConfigurationPlatforms) = postSolution
		{EAC3F209-28A6-410A-9143-6A2500A5EF74}.Debug|Any CPU.ActiveCfg = Debug|Any CPU
		{EAC3F209-28A6-410A-9143-6A2500A5EF74}.Debug|Any CPU.Build.0 = Debug|Any CPU
		{EAC3F209-28A6-410A-9143-6A2500A5EF74}.Release|Any CPU.ActiveCfg = Release|Any CPU
		{EAC3F209-28A6-410A-9143-6A2500A5EF74}.Release|Any CPU.Build.0 = Release|Any CPU
		{6A55E46F-2F0A-40F9-BA42-08AC8BEDE4FA}.Debug|Any CPU.ActiveCfg = Debug|Any CPU
		{6A55E46F-2F0A-40F9-BA42-08AC8BEDE4FA}.Debug|Any CPU.Build.0 = Debug|Any CPU
		{6A55E46F-2F0A-40F9-BA42-08AC8BEDE4FA}.Release|Any CPU.ActiveCfg = Release|Any CPU
		{6A55E46F-2F0A-40F9-BA42-08AC8BEDE4FA}.Release|Any CPU.Build.0 = Release|Any CPU
		{53995AD9-09AA-4144-B6D8-4BBBBA1B1723}.Debug|Any CPU.ActiveCfg = Debug|Any CPU
		{53995AD9-09AA-4144-B6D8-4BBBBA1B1723}.Debug|Any CPU.Build.0 = Debug|Any CPU
		{53995AD9-09AA-4144-B6D8-4BBBBA1B1723}.Release|Any CPU.ActiveCfg = Release|Any CPU
		{53995AD9-09AA-4144-B6D8-4BBBBA1B1723}.Release|Any CPU.Build.0 = Release|Any CPU
	EndGlobalSection
	GlobalSection(SolutionProperties) = preSolution
		HideSolutionNode = FALSE
	EndGlobalSection
	GlobalSection(ExtensibilityGlobals) = postSolution
		SolutionGuid = {1D0AB77A-1F21-4B8F-BC05-6E21536B1886}
	EndGlobalSection
EndGlobal
