
Microsoft Visual Studio Solution File, Format Version 12.00
# Visual Studio 15
VisualStudioVersion = 15.0.28307.168
MinimumVisualStudioVersion = 10.0.40219.1
Project("{FAE04EC0-301F-11D3-BF4B-00C04F79EFBC}") = "TheSupermarketQueue", "TheSupermarketQueue\TheSupermarketQueue.csproj", "{354DE1FC-16A6-44E0-9A61-11E5AEBD2652}"
EndProject
Global
	GlobalSection(SolutionConfigurationPlatforms) = preSolution
		Debug|Any CPU = Debug|Any CPU
		Release|Any CPU = Release|Any CPU
	EndGlobalSection
	GlobalSection(ProjectConfigurationPlatforms) = postSolution
		{354DE1FC-16A6-44E0-9A61-11E5AEBD2652}.Debug|Any CPU.ActiveCfg = Debug|Any CPU
		{354DE1FC-16A6-44E0-9A61-11E5AEBD2652}.Debug|Any CPU.Build.0 = Debug|Any CPU
		{354DE1FC-16A6-44E0-9A61-11E5AEBD2652}.Release|Any CPU.ActiveCfg = Release|Any CPU
		{354DE1FC-16A6-44E0-9A61-11E5AEBD2652}.Release|Any CPU.Build.0 = Release|Any CPU
	EndGlobalSection
	GlobalSection(SolutionProperties) = preSolution
		HideSolutionNode = FALSE
	EndGlobalSection
	GlobalSection(ExtensibilityGlobals) = postSolution
		SolutionGuid = {1CF4CD25-A2B5-4EB5-A2DE-211A69DB9A6E}
	EndGlobalSection
EndGlobal
