
Microsoft Visual Studio Solution File, Format Version 12.00
# Visual Studio 15
VisualStudioVersion = 15.0.28307.168
MinimumVisualStudioVersion = 10.0.40219.1
Project("{FAE04EC0-301F-11D3-BF4B-00C04F79EFBC}") = "DescendingOrderKataTests", "DescendingOrderKata\DescendingOrderKataTests.csproj", "{AD1C6A61-1A56-44F6-8CBB-BA0D8B882496}"
EndProject
Global
	GlobalSection(SolutionConfigurationPlatforms) = preSolution
		Debug|Any CPU = Debug|Any CPU
		Release|Any CPU = Release|Any CPU
	EndGlobalSection
	GlobalSection(ProjectConfigurationPlatforms) = postSolution
		{AD1C6A61-1A56-44F6-8CBB-BA0D8B882496}.Debug|Any CPU.ActiveCfg = Debug|Any CPU
		{AD1C6A61-1A56-44F6-8CBB-BA0D8B882496}.Debug|Any CPU.Build.0 = Debug|Any CPU
		{AD1C6A61-1A56-44F6-8CBB-BA0D8B882496}.Release|Any CPU.ActiveCfg = Release|Any CPU
		{AD1C6A61-1A56-44F6-8CBB-BA0D8B882496}.Release|Any CPU.Build.0 = Release|Any CPU
	EndGlobalSection
	GlobalSection(SolutionProperties) = preSolution
		HideSolutionNode = FALSE
	EndGlobalSection
	GlobalSection(ExtensibilityGlobals) = postSolution
		SolutionGuid = {62357000-CBE8-4511-BC28-656BAA8B940F}
	EndGlobalSection
EndGlobal
